{
  "originHash" : "8cd6cabeaed663e8793225465f5a766d93769ee7b96a5932c7983b803373f6c5",
  "pins" : [
    {
      "identity" : "defaults",
      "kind" : "remoteSourceControl",
      "location" : "https://github.com/sindresorhus/Defaults.git",
      "state" : {
        "revision" : "8192b0986611e105355a9433e99bf5c79469fbbd",
        "version" : "9.0.6"
      }
    },
    {
      "identity" : "swift-syntax",
      "kind" : "remoteSourceControl",
      "location" : "https://github.com/swiftlang/swift-syntax",
      "state" : {
        "revision" : "4799286537280063c85a32f09884cfbca301b1a1",
        "version" : "602.0.0"
      }
    },
    {
      "identity" : "swiftuiwindowbinder",
      "kind" : "remoteSourceControl",
      "location" : "https://github.com/happycodelucky/SwiftUIWindowBinder.git",
      "state" : {
        "revision" : "27f9b1b28c58e7c00efc7661dde6663c9a49b145",
        "version" : "1.0.0"
      }
    }
  ],
  "version" : 3
}
