{
  "pins" : [
    {
      "identity" : "defaults",
      "kind" : "remoteSourceControl",
      "location" : "https://github.com/sindresorhus/Defaults.git",
      "state" : {
        "revision" : "0f5a23fcbd83eb72f6d405aa85bbfacaffb99b03",
        "version" : "7.2.0"
      }
    },
    {
      "identity" : "swiftuiwindowbinder",
      "kind" : "remoteSourceControl",
      "location" : "https://github.com/happycodelucky/SwiftUIWindowBinder.git",
      "state" : {
        "revision" : "27f9b1b28c58e7c00efc7661dde6663c9a49b145",
        "version" : "1.0.0"
      }
    }
  ],
  "version" : 2
}
