// !$*UTF8*$!
{
	archiveVersion = 1;
	classes = {
	};
	objectVersion = 70;
	objects = {

/* Begin PBXBuildFile section */
		DC13DC2D29452A49005D28E9 /* App_HelperApp.swift in Sources */ = {isa = PBXBuildFile; fileRef = DC13DC2C29452A49005D28E9 /* App_HelperApp.swift */; };
		DC13DC3129452A4A005D28E9 /* Assets.xcassets in Resources */ = {isa = PBXBuildFile; fileRef = DC13DC3029452A4A005D28E9 /* Assets.xcassets */; };
		DC13DC3429452A4A005D28E9 /* Preview Assets.xcassets in Resources */ = {isa = PBXBuildFile; fileRef = DC13DC3329452A4A005D28E9 /* Preview Assets.xcassets */; };
		DC13DC3D29453060005D28E9 /* Defaults in Frameworks */ = {isa = PBXBuildFile; productRef = DC13DC3C29453060005D28E9 /* Defaults */; };
		DC13DC3F2945308B005D28E9 /* Defaults.Keys.swift in Sources */ = {isa = PBXBuildFile; fileRef = DC13DC3E2945308B005D28E9 /* Defaults.Keys.swift */; };
		DC13DC5E29454962005D28E9 /* Defaults.Keys.Shared.swift in Sources */ = {isa = PBXBuildFile; fileRef = DC13DC5D29454962005D28E9 /* Defaults.Keys.Shared.swift */; };
		DC13DC6229456518005D28E9 /* SwiftUIWindowBinder in Frameworks */ = {isa = PBXBuildFile; productRef = DC13DC6129456518005D28E9 /* SwiftUIWindowBinder */; };
		DC13DC64294565F3005D28E9 /* WindowDelegate.swift in Sources */ = {isa = PBXBuildFile; fileRef = DC13DC63294565F3005D28E9 /* WindowDelegate.swift */; };
		DC13DC67294566DB005D28E9 /* Notification.Name.swift in Sources */ = {isa = PBXBuildFile; fileRef = DC13DC66294566DB005D28E9 /* Notification.Name.swift */; };
		DC13DC6929456918005D28E9 /* SystemWatcher.swift in Sources */ = {isa = PBXBuildFile; fileRef = DC13DC6829456918005D28E9 /* SystemWatcher.swift */; };
		DC13DC7D294572A0005D28E9 /* Credits.html in Resources */ = {isa = PBXBuildFile; fileRef = DC13DC7F294572A0005D28E9 /* Credits.html */; };
		DC13DC83294592AD005D28E9 /* Shell.swift in Sources */ = {isa = PBXBuildFile; fileRef = DC13DC82294592AD005D28E9 /* Shell.swift */; };
		DC2A93C92A111AC100CB506A /* InfoPlist.strings in Resources */ = {isa = PBXBuildFile; fileRef = DC2A93C72A111AC100CB506A /* InfoPlist.strings */; };
		DC2A93CC2A111AC100CB506A /* Localizable.strings in Resources */ = {isa = PBXBuildFile; fileRef = DC2A93CA2A111AC100CB506A /* Localizable.strings */; };
		DC4EFBD72E90BB4B00872933 /* MainAppView.swift in Sources */ = {isa = PBXBuildFile; fileRef = DC4EFBD62E90BB4B00872933 /* MainAppView.swift */; };
		DC6063DE2D56EF6A002F0999 /* BrewView.swift in Sources */ = {isa = PBXBuildFile; fileRef = DC6063DD2D56EF6A002F0999 /* BrewView.swift */; };
		DC6DF5152E402A9C00A50C27 /* XcodeView.swift in Sources */ = {isa = PBXBuildFile; fileRef = DC6DF5142E402A9C00A50C27 /* XcodeView.swift */; };
		DCA5960F29C710EE00E1DAB3 /* LogView.swift in Sources */ = {isa = PBXBuildFile; fileRef = DCA5960E29C710EE00E1DAB3 /* LogView.swift */; };
		DCA5961229C7111D00E1DAB3 /* Model.xcdatamodeld in Sources */ = {isa = PBXBuildFile; fileRef = DCA5961029C7111D00E1DAB3 /* Model.xcdatamodeld */; };
		DCA5961529C717A400E1DAB3 /* LogProvider.swift in Sources */ = {isa = PBXBuildFile; fileRef = DCA5961429C717A400E1DAB3 /* LogProvider.swift */; };
		DCB3C9432E9071C400C557CA /* CodeCleanerView.swift in Sources */ = {isa = PBXBuildFile; fileRef = DCB3C9422E9071C400C557CA /* CodeCleanerView.swift */; };
		DCC5E45E2A30B796003D5813 /* ServiceManagement.framework in Frameworks */ = {isa = PBXBuildFile; fileRef = DC13DC562945482E005D28E9 /* ServiceManagement.framework */; };
		DCD7CBB529BCA9B40060B5E5 /* RulesView.swift in Sources */ = {isa = PBXBuildFile; fileRef = DCD7CBB429BCA9B40060B5E5 /* RulesView.swift */; };
		DCFC3AF22D69D05300B6B2BD /* BrewService.swift in Sources */ = {isa = PBXBuildFile; fileRef = DCFC3AF12D69D05300B6B2BD /* BrewService.swift */; };
/* End PBXBuildFile section */

/* Begin PBXFileReference section */
		DC13DC2929452A49005D28E9 /* App Helper.app */ = {isa = PBXFileReference; explicitFileType = wrapper.application; includeInIndex = 0; path = "App Helper.app"; sourceTree = BUILT_PRODUCTS_DIR; };
		DC13DC2C29452A49005D28E9 /* App_HelperApp.swift */ = {isa = PBXFileReference; lastKnownFileType = sourcecode.swift; path = App_HelperApp.swift; sourceTree = "<group>"; };
		DC13DC3029452A4A005D28E9 /* Assets.xcassets */ = {isa = PBXFileReference; lastKnownFileType = folder.assetcatalog; path = Assets.xcassets; sourceTree = "<group>"; };
		DC13DC3329452A4A005D28E9 /* Preview Assets.xcassets */ = {isa = PBXFileReference; lastKnownFileType = folder.assetcatalog; path = "Preview Assets.xcassets"; sourceTree = "<group>"; };
		DC13DC3529452A4A005D28E9 /* App_Helper.entitlements */ = {isa = PBXFileReference; lastKnownFileType = text.plist.entitlements; path = App_Helper.entitlements; sourceTree = "<group>"; };
		DC13DC3E2945308B005D28E9 /* Defaults.Keys.swift */ = {isa = PBXFileReference; lastKnownFileType = sourcecode.swift; path = Defaults.Keys.swift; sourceTree = "<group>"; };
		DC13DC562945482E005D28E9 /* ServiceManagement.framework */ = {isa = PBXFileReference; lastKnownFileType = wrapper.framework; name = ServiceManagement.framework; path = System/Library/Frameworks/ServiceManagement.framework; sourceTree = SDKROOT; };
		DC13DC5D29454962005D28E9 /* Defaults.Keys.Shared.swift */ = {isa = PBXFileReference; fileEncoding = 4; lastKnownFileType = sourcecode.swift; path = Defaults.Keys.Shared.swift; sourceTree = "<group>"; };
		DC13DC63294565F3005D28E9 /* WindowDelegate.swift */ = {isa = PBXFileReference; lastKnownFileType = sourcecode.swift; path = WindowDelegate.swift; sourceTree = "<group>"; };
		DC13DC66294566DB005D28E9 /* Notification.Name.swift */ = {isa = PBXFileReference; fileEncoding = 4; lastKnownFileType = sourcecode.swift; path = Notification.Name.swift; sourceTree = "<group>"; };
		DC13DC6829456918005D28E9 /* SystemWatcher.swift */ = {isa = PBXFileReference; lastKnownFileType = sourcecode.swift; path = SystemWatcher.swift; sourceTree = "<group>"; };
		DC13DC7429457131005D28E9 /* App-Helper-Info.plist */ = {isa = PBXFileReference; lastKnownFileType = text.plist; path = "App-Helper-Info.plist"; sourceTree = SOURCE_ROOT; };
		DC13DC7E294572A0005D28E9 /* Base */ = {isa = PBXFileReference; lastKnownFileType = text.html; name = Base; path = Base.lproj/Credits.html; sourceTree = "<group>"; };
		DC13DC80294572A2005D28E9 /* en */ = {isa = PBXFileReference; lastKnownFileType = text.html; name = en; path = en.lproj/Credits.html; sourceTree = "<group>"; };
		DC13DC82294592AD005D28E9 /* Shell.swift */ = {isa = PBXFileReference; lastKnownFileType = sourcecode.swift; path = Shell.swift; sourceTree = "<group>"; };
		DC2A93C32A110C7D00CB506A /* zh-Hans */ = {isa = PBXFileReference; lastKnownFileType = text.html; name = "zh-Hans"; path = "zh-Hans.lproj/Credits.html"; sourceTree = "<group>"; };
		DC2A93C82A111AC100CB506A /* zh-Hans */ = {isa = PBXFileReference; lastKnownFileType = text.plist.strings; name = "zh-Hans"; path = "zh-Hans.lproj/InfoPlist.strings"; sourceTree = "<group>"; };
		DC2A93CB2A111AC100CB506A /* zh-Hans */ = {isa = PBXFileReference; lastKnownFileType = text.plist.strings; name = "zh-Hans"; path = "zh-Hans.lproj/Localizable.strings"; sourceTree = "<group>"; };
		DC34007129C83EF400121B64 /* Global.xcconfig */ = {isa = PBXFileReference; lastKnownFileType = text.xcconfig; path = Global.xcconfig; sourceTree = "<group>"; };
		DC34007229C83FA100121B64 /* Info.plist */ = {isa = PBXFileReference; lastKnownFileType = text.plist.xml; path = Info.plist; sourceTree = "<group>"; };
		DC4EFBD62E90BB4B00872933 /* MainAppView.swift */ = {isa = PBXFileReference; lastKnownFileType = sourcecode.swift; path = MainAppView.swift; sourceTree = "<group>"; };
		DC6063DD2D56EF6A002F0999 /* BrewView.swift */ = {isa = PBXFileReference; lastKnownFileType = sourcecode.swift; path = BrewView.swift; sourceTree = "<group>"; };
		DC6DF5142E402A9C00A50C27 /* XcodeView.swift */ = {isa = PBXFileReference; lastKnownFileType = sourcecode.swift; path = XcodeView.swift; sourceTree = "<group>"; };
		DCA5960E29C710EE00E1DAB3 /* LogView.swift */ = {isa = PBXFileReference; lastKnownFileType = sourcecode.swift; path = LogView.swift; sourceTree = "<group>"; };
		DCA5961129C7111D00E1DAB3 /* Model.xcdatamodel */ = {isa = PBXFileReference; lastKnownFileType = wrapper.xcdatamodel; path = Model.xcdatamodel; sourceTree = "<group>"; };
		DCA5961429C717A400E1DAB3 /* LogProvider.swift */ = {isa = PBXFileReference; lastKnownFileType = sourcecode.swift; path = LogProvider.swift; sourceTree = "<group>"; };
		DCB3C9422E9071C400C557CA /* CodeCleanerView.swift */ = {isa = PBXFileReference; lastKnownFileType = sourcecode.swift; path = CodeCleanerView.swift; sourceTree = "<group>"; };
		DCD7CBB429BCA9B40060B5E5 /* RulesView.swift */ = {isa = PBXFileReference; lastKnownFileType = sourcecode.swift; path = RulesView.swift; sourceTree = "<group>"; };
		DCFC3AF12D69D05300B6B2BD /* BrewService.swift */ = {isa = PBXFileReference; lastKnownFileType = sourcecode.swift; path = BrewService.swift; sourceTree = "<group>"; };
/* End PBXFileReference section */

/* Begin PBXFileSystemSynchronizedRootGroup section */
		DC5101D22D8E2D0F00515905 /* Keyboard Watcher */ = {isa = PBXFileSystemSynchronizedRootGroup; explicitFileTypes = {}; explicitFolders = (); path = "Keyboard Watcher"; sourceTree = "<group>"; };
/* End PBXFileSystemSynchronizedRootGroup section */

/* Begin PBXFrameworksBuildPhase section */
		DC13DC2629452A49005D28E9 /* Frameworks */ = {
			isa = PBXFrameworksBuildPhase;
			buildActionMask = 2147483647;
			files = (
				DCC5E45E2A30B796003D5813 /* ServiceManagement.framework in Frameworks */,
				DC13DC6229456518005D28E9 /* SwiftUIWindowBinder in Frameworks */,
				DC13DC3D29453060005D28E9 /* Defaults in Frameworks */,
			);
			runOnlyForDeploymentPostprocessing = 0;
		};
/* End PBXFrameworksBuildPhase section */

/* Begin PBXGroup section */
		DC13DC2029452A49005D28E9 = {
			isa = PBXGroup;
			children = (
				DC34007129C83EF400121B64 /* Global.xcconfig */,
				DC13DC2B29452A49005D28E9 /* App Helper */,
				DC13DC2A29452A49005D28E9 /* Products */,
				DC13DC552945482D005D28E9 /* Frameworks */,
			);
			sourceTree = "<group>";
		};
		DC13DC2A29452A49005D28E9 /* Products */ = {
			isa = PBXGroup;
			children = (
				DC13DC2929452A49005D28E9 /* App Helper.app */,
			);
			name = Products;
			sourceTree = "<group>";
		};
		DC13DC2B29452A49005D28E9 /* App Helper */ = {
			isa = PBXGroup;
			children = (
				DC13DC7F294572A0005D28E9 /* Credits.html */,
				DC13DC7429457131005D28E9 /* App-Helper-Info.plist */,
				DC13DC2C29452A49005D28E9 /* App_HelperApp.swift */,
				DC4EFBD62E90BB4B00872933 /* MainAppView.swift */,
				DCD7CBB429BCA9B40060B5E5 /* RulesView.swift */,
				DC5101D22D8E2D0F00515905 /* Keyboard Watcher */,
				DC6063DD2D56EF6A002F0999 /* BrewView.swift */,
				DCFC3AF12D69D05300B6B2BD /* BrewService.swift */,
				DC13DC6829456918005D28E9 /* SystemWatcher.swift */,
				DCA5960E29C710EE00E1DAB3 /* LogView.swift */,
				DCB3C9412E9071A900C557CA /* Xcode */,
				DCA5961329C7178400E1DAB3 /* Model */,
				DC13DC65294566D3005D28E9 /* Tools */,
				DC13DC5C29454958005D28E9 /* Defaults */,
				DC13DC3029452A4A005D28E9 /* Assets.xcassets */,
				DC13DC3529452A4A005D28E9 /* App_Helper.entitlements */,
				DC13DC3229452A4A005D28E9 /* Preview Content */,
				DC34007229C83FA100121B64 /* Info.plist */,
				DC2A93CA2A111AC100CB506A /* Localizable.strings */,
				DC2A93C72A111AC100CB506A /* InfoPlist.strings */,
			);
			path = "App Helper";
			sourceTree = "<group>";
		};
		DC13DC3229452A4A005D28E9 /* Preview Content */ = {
			isa = PBXGroup;
			children = (
				DC13DC3329452A4A005D28E9 /* Preview Assets.xcassets */,
			);
			path = "Preview Content";
			sourceTree = "<group>";
		};
		DC13DC552945482D005D28E9 /* Frameworks */ = {
			isa = PBXGroup;
			children = (
				DC13DC562945482E005D28E9 /* ServiceManagement.framework */,
			);
			name = Frameworks;
			sourceTree = "<group>";
		};
		DC13DC5C29454958005D28E9 /* Defaults */ = {
			isa = PBXGroup;
			children = (
				DC13DC3E2945308B005D28E9 /* Defaults.Keys.swift */,
				DC13DC5D29454962005D28E9 /* Defaults.Keys.Shared.swift */,
			);
			path = Defaults;
			sourceTree = "<group>";
		};
		DC13DC65294566D3005D28E9 /* Tools */ = {
			isa = PBXGroup;
			children = (
				DC13DC63294565F3005D28E9 /* WindowDelegate.swift */,
				DC13DC66294566DB005D28E9 /* Notification.Name.swift */,
				DC13DC82294592AD005D28E9 /* Shell.swift */,
			);
			path = Tools;
			sourceTree = "<group>";
		};
		DCA5961329C7178400E1DAB3 /* Model */ = {
			isa = PBXGroup;
			children = (
				DCA5961029C7111D00E1DAB3 /* Model.xcdatamodeld */,
				DCA5961429C717A400E1DAB3 /* LogProvider.swift */,
			);
			path = Model;
			sourceTree = "<group>";
		};
		DCB3C9412E9071A900C557CA /* Xcode */ = {
			isa = PBXGroup;
			children = (
				DC6DF5142E402A9C00A50C27 /* XcodeView.swift */,
				DCB3C9422E9071C400C557CA /* CodeCleanerView.swift */,
			);
			path = Xcode;
			sourceTree = "<group>";
		};
/* End PBXGroup section */

/* Begin PBXNativeTarget section */
		DC13DC2829452A49005D28E9 /* App Helper */ = {
			isa = PBXNativeTarget;
			buildConfigurationList = DC13DC3829452A4A005D28E9 /* Build configuration list for PBXNativeTarget "App Helper" */;
			buildPhases = (
				DC13DC2529452A49005D28E9 /* Sources */,
				DC13DC2629452A49005D28E9 /* Frameworks */,
				DC13DC2729452A49005D28E9 /* Resources */,
			);
			buildRules = (
			);
			dependencies = (
			);
			fileSystemSynchronizedGroups = (
				DC5101D22D8E2D0F00515905 /* Keyboard Watcher */,
			);
			name = "App Helper";
			packageProductDependencies = (
				DC13DC3C29453060005D28E9 /* Defaults */,
				DC13DC6129456518005D28E9 /* SwiftUIWindowBinder */,
			);
			productName = "App Helper";
			productReference = DC13DC2929452A49005D28E9 /* App Helper.app */;
			productType = "com.apple.product-type.application";
		};
/* End PBXNativeTarget section */

/* Begin PBXProject section */
		DC13DC2129452A49005D28E9 /* Project object */ = {
			isa = PBXProject;
			attributes = {
				BuildIndependentTargetsInParallel = 1;
				LastSwiftUpdateCheck = 1420;
				LastUpgradeCheck = 2600;
				TargetAttributes = {
					DC13DC2829452A49005D28E9 = {
						CreatedOnToolsVersion = 14.2;
					};
				};
			};
			buildConfigurationList = DC13DC2429452A49005D28E9 /* Build configuration list for PBXProject "App Helper" */;
			compatibilityVersion = "Xcode 14.0";
			developmentRegion = en;
			hasScannedForEncodings = 0;
			knownRegions = (
				en,
				Base,
				"zh-Hans",
			);
			mainGroup = DC13DC2029452A49005D28E9;
			packageReferences = (
				DC13DC3B29453060005D28E9 /* XCRemoteSwiftPackageReference "Defaults" */,
				DC13DC6029456518005D28E9 /* XCRemoteSwiftPackageReference "SwiftUIWindowBinder" */,
			);
			productRefGroup = DC13DC2A29452A49005D28E9 /* Products */;
			projectDirPath = "";
			projectRoot = "";
			targets = (
				DC13DC2829452A49005D28E9 /* App Helper */,
			);
		};
/* End PBXProject section */

/* Begin PBXResourcesBuildPhase section */
		DC13DC2729452A49005D28E9 /* Resources */ = {
			isa = PBXResourcesBuildPhase;
			buildActionMask = 2147483647;
			files = (
				DC2A93CC2A111AC100CB506A /* Localizable.strings in Resources */,
				DC13DC3429452A4A005D28E9 /* Preview Assets.xcassets in Resources */,
				DC2A93C92A111AC100CB506A /* InfoPlist.strings in Resources */,
				DC13DC3129452A4A005D28E9 /* Assets.xcassets in Resources */,
				DC13DC7D294572A0005D28E9 /* Credits.html in Resources */,
			);
			runOnlyForDeploymentPostprocessing = 0;
		};
/* End PBXResourcesBuildPhase section */

/* Begin PBXSourcesBuildPhase section */
		DC13DC2529452A49005D28E9 /* Sources */ = {
			isa = PBXSourcesBuildPhase;
			buildActionMask = 2147483647;
			files = (
				DCA5961529C717A400E1DAB3 /* LogProvider.swift in Sources */,
				DC13DC83294592AD005D28E9 /* Shell.swift in Sources */,
				DC13DC64294565F3005D28E9 /* WindowDelegate.swift in Sources */,
				DC13DC6929456918005D28E9 /* SystemWatcher.swift in Sources */,
				DC6063DE2D56EF6A002F0999 /* BrewView.swift in Sources */,
				DC4EFBD72E90BB4B00872933 /* MainAppView.swift in Sources */,
				DC13DC5E29454962005D28E9 /* Defaults.Keys.Shared.swift in Sources */,
				DCD7CBB529BCA9B40060B5E5 /* RulesView.swift in Sources */,
				DC13DC2D29452A49005D28E9 /* App_HelperApp.swift in Sources */,
				DC13DC3F2945308B005D28E9 /* Defaults.Keys.swift in Sources */,
				DCA5961229C7111D00E1DAB3 /* Model.xcdatamodeld in Sources */,
				DCB3C9432E9071C400C557CA /* CodeCleanerView.swift in Sources */,
				DCFC3AF22D69D05300B6B2BD /* BrewService.swift in Sources */,
				DCA5960F29C710EE00E1DAB3 /* LogView.swift in Sources */,
				DC6DF5152E402A9C00A50C27 /* XcodeView.swift in Sources */,
				DC13DC67294566DB005D28E9 /* Notification.Name.swift in Sources */,
			);
			runOnlyForDeploymentPostprocessing = 0;
		};
/* End PBXSourcesBuildPhase section */

/* Begin PBXVariantGroup section */
		DC13DC7F294572A0005D28E9 /* Credits.html */ = {
			isa = PBXVariantGroup;
			children = (
				DC13DC7E294572A0005D28E9 /* Base */,
				DC13DC80294572A2005D28E9 /* en */,
				DC2A93C32A110C7D00CB506A /* zh-Hans */,
			);
			name = Credits.html;
			sourceTree = "<group>";
		};
		DC2A93C72A111AC100CB506A /* InfoPlist.strings */ = {
			isa = PBXVariantGroup;
			children = (
				DC2A93C82A111AC100CB506A /* zh-Hans */,
			);
			name = InfoPlist.strings;
			sourceTree = "<group>";
		};
		DC2A93CA2A111AC100CB506A /* Localizable.strings */ = {
			isa = PBXVariantGroup;
			children = (
				DC2A93CB2A111AC100CB506A /* zh-Hans */,
			);
			name = Localizable.strings;
			sourceTree = "<group>";
		};
/* End PBXVariantGroup section */

/* Begin XCBuildConfiguration section */
		DC13DC3629452A4A005D28E9 /* Debug */ = {
			isa = XCBuildConfiguration;
			baseConfigurationReference = DC34007129C83EF400121B64 /* Global.xcconfig */;
			buildSettings = {
				ALWAYS_SEARCH_USER_PATHS = NO;
				ASSETCATALOG_COMPILER_GENERATE_SWIFT_ASSET_SYMBOL_EXTENSIONS = YES;
				CLANG_ANALYZER_LOCALIZABILITY_NONLOCALIZED = YES;
				CLANG_ANALYZER_NONNULL = YES;
				CLANG_ANALYZER_NUMBER_OBJECT_CONVERSION = YES_AGGRESSIVE;
				CLANG_CXX_LANGUAGE_STANDARD = "gnu++20";
				CLANG_ENABLE_MODULES = YES;
				CLANG_ENABLE_OBJC_ARC = YES;
				CLANG_ENABLE_OBJC_WEAK = YES;
				CLANG_WARN_BLOCK_CAPTURE_AUTORELEASING = YES;
				CLANG_WARN_BOOL_CONVERSION = YES;
				CLANG_WARN_COMMA = YES;
				CLANG_WARN_CONSTANT_CONVERSION = YES;
				CLANG_WARN_DEPRECATED_OBJC_IMPLEMENTATIONS = YES;
				CLANG_WARN_DIRECT_OBJC_ISA_USAGE = YES_ERROR;
				CLANG_WARN_DOCUMENTATION_COMMENTS = YES;
				CLANG_WARN_EMPTY_BODY = YES;
				CLANG_WARN_ENUM_CONVERSION = YES;
				CLANG_WARN_INFINITE_RECURSION = YES;
				CLANG_WARN_INT_CONVERSION = YES;
				CLANG_WARN_NON_LITERAL_NULL_CONVERSION = YES;
				CLANG_WARN_OBJC_IMPLICIT_RETAIN_SELF = YES;
				CLANG_WARN_OBJC_LITERAL_CONVERSION = YES;
				CLANG_WARN_OBJC_ROOT_CLASS = YES_ERROR;
				CLANG_WARN_QUOTED_INCLUDE_IN_FRAMEWORK_HEADER = YES;
				CLANG_WARN_RANGE_LOOP_ANALYSIS = YES;
				CLANG_WARN_STRICT_PROTOTYPES = YES;
				CLANG_WARN_SUSPICIOUS_MOVE = YES;
				CLANG_WARN_UNGUARDED_AVAILABILITY = YES_AGGRESSIVE;
				CLANG_WARN_UNREACHABLE_CODE = YES;
				CLANG_WARN__DUPLICATE_METHOD_MATCH = YES;
				COPY_PHASE_STRIP = NO;
				DEAD_CODE_STRIPPING = YES;
				DEBUG_INFORMATION_FORMAT = dwarf;
				DEVELOPMENT_TEAM = 96NM39SGJ5;
				ENABLE_STRICT_OBJC_MSGSEND = YES;
				ENABLE_TESTABILITY = YES;
				ENABLE_USER_SCRIPT_SANDBOXING = YES;
				GCC_C_LANGUAGE_STANDARD = gnu11;
				GCC_DYNAMIC_NO_PIC = NO;
				GCC_NO_COMMON_BLOCKS = YES;
				GCC_OPTIMIZATION_LEVEL = 0;
				GCC_PREPROCESSOR_DEFINITIONS = (
					"DEBUG=1",
					"$(inherited)",
				);
				GCC_WARN_64_TO_32_BIT_CONVERSION = YES;
				GCC_WARN_ABOUT_RETURN_TYPE = YES_ERROR;
				GCC_WARN_UNDECLARED_SELECTOR = YES;
				GCC_WARN_UNINITIALIZED_AUTOS = YES_AGGRESSIVE;
				GCC_WARN_UNUSED_FUNCTION = YES;
				GCC_WARN_UNUSED_VARIABLE = YES;
				MACOSX_DEPLOYMENT_TARGET = 13.0;
				MTL_ENABLE_DEBUG_INFO = INCLUDE_SOURCE;
				MTL_FAST_MATH = YES;
				ONLY_ACTIVE_ARCH = YES;
				SDKROOT = macosx;
				STRING_CATALOG_GENERATE_SYMBOLS = YES;
				SWIFT_ACTIVE_COMPILATION_CONDITIONS = DEBUG;
				SWIFT_OPTIMIZATION_LEVEL = "-Onone";
			};
			name = Debug;
		};
		DC13DC3729452A4A005D28E9 /* Release */ = {
			isa = XCBuildConfiguration;
			baseConfigurationReference = DC34007129C83EF400121B64 /* Global.xcconfig */;
			buildSettings = {
				ALWAYS_SEARCH_USER_PATHS = NO;
				ASSETCATALOG_COMPILER_GENERATE_SWIFT_ASSET_SYMBOL_EXTENSIONS = YES;
				CLANG_ANALYZER_LOCALIZABILITY_NONLOCALIZED = YES;
				CLANG_ANALYZER_NONNULL = YES;
				CLANG_ANALYZER_NUMBER_OBJECT_CONVERSION = YES_AGGRESSIVE;
				CLANG_CXX_LANGUAGE_STANDARD = "gnu++20";
				CLANG_ENABLE_MODULES = YES;
				CLANG_ENABLE_OBJC_ARC = YES;
				CLANG_ENABLE_OBJC_WEAK = YES;
				CLANG_WARN_BLOCK_CAPTURE_AUTORELEASING = YES;
				CLANG_WARN_BOOL_CONVERSION = YES;
				CLANG_WARN_COMMA = YES;
				CLANG_WARN_CONSTANT_CONVERSION = YES;
				CLANG_WARN_DEPRECATED_OBJC_IMPLEMENTATIONS = YES;
				CLANG_WARN_DIRECT_OBJC_ISA_USAGE = YES_ERROR;
				CLANG_WARN_DOCUMENTATION_COMMENTS = YES;
				CLANG_WARN_EMPTY_BODY = YES;
				CLANG_WARN_ENUM_CONVERSION = YES;
				CLANG_WARN_INFINITE_RECURSION = YES;
				CLANG_WARN_INT_CONVERSION = YES;
				CLANG_WARN_NON_LITERAL_NULL_CONVERSION = YES;
				CLANG_WARN_OBJC_IMPLICIT_RETAIN_SELF = YES;
				CLANG_WARN_OBJC_LITERAL_CONVERSION = YES;
				CLANG_WARN_OBJC_ROOT_CLASS = YES_ERROR;
				CLANG_WARN_QUOTED_INCLUDE_IN_FRAMEWORK_HEADER = YES;
				CLANG_WARN_RANGE_LOOP_ANALYSIS = YES;
				CLANG_WARN_STRICT_PROTOTYPES = YES;
				CLANG_WARN_SUSPICIOUS_MOVE = YES;
				CLANG_WARN_UNGUARDED_AVAILABILITY = YES_AGGRESSIVE;
				CLANG_WARN_UNREACHABLE_CODE = YES;
				CLANG_WARN__DUPLICATE_METHOD_MATCH = YES;
				COPY_PHASE_STRIP = NO;
				DEAD_CODE_STRIPPING = YES;
				DEBUG_INFORMATION_FORMAT = "dwarf-with-dsym";
				DEVELOPMENT_TEAM = 96NM39SGJ5;
				ENABLE_NS_ASSERTIONS = NO;
				ENABLE_STRICT_OBJC_MSGSEND = YES;
				ENABLE_USER_SCRIPT_SANDBOXING = YES;
				GCC_C_LANGUAGE_STANDARD = gnu11;
				GCC_NO_COMMON_BLOCKS = YES;
				GCC_WARN_64_TO_32_BIT_CONVERSION = YES;
				GCC_WARN_ABOUT_RETURN_TYPE = YES_ERROR;
				GCC_WARN_UNDECLARED_SELECTOR = YES;
				GCC_WARN_UNINITIALIZED_AUTOS = YES_AGGRESSIVE;
				GCC_WARN_UNUSED_FUNCTION = YES;
				GCC_WARN_UNUSED_VARIABLE = YES;
				MACOSX_DEPLOYMENT_TARGET = 13.0;
				MTL_ENABLE_DEBUG_INFO = NO;
				MTL_FAST_MATH = YES;
				SDKROOT = macosx;
				STRING_CATALOG_GENERATE_SYMBOLS = YES;
				SWIFT_COMPILATION_MODE = wholemodule;
				SWIFT_OPTIMIZATION_LEVEL = "-O";
			};
			name = Release;
		};
		DC13DC3929452A4A005D28E9 /* Debug */ = {
			isa = XCBuildConfiguration;
			buildSettings = {
				ASSETCATALOG_COMPILER_APPICON_NAME = AppIconBeta;
				ASSETCATALOG_COMPILER_GLOBAL_ACCENT_COLOR_NAME = AccentColor;
				CODE_SIGN_ENTITLEMENTS = "App Helper/App_Helper.entitlements";
				CODE_SIGN_STYLE = Automatic;
				COMBINE_HIDPI_IMAGES = YES;
				CURRENT_PROJECT_VERSION = $APP_BUILD;
				DEAD_CODE_STRIPPING = YES;
				DEVELOPMENT_ASSET_PATHS = "\"App Helper/Preview Content\"";
				ENABLE_HARDENED_RUNTIME = YES;
				ENABLE_PREVIEWS = YES;
				GENERATE_INFOPLIST_FILE = YES;
				INFOPLIST_FILE = "App Helper/Info.plist";
				INFOPLIST_KEY_CFBundleDisplayName = "App Helper Beta";
				INFOPLIST_KEY_LSApplicationCategoryType = "public.app-category.utilities";
				INFOPLIST_KEY_NSAppleEventsUsageDescription = "The application needs to modify the system color theme.";
				INFOPLIST_KEY_NSHumanReadableCopyright = "Zhao Xin";
				LD_RUNPATH_SEARCH_PATHS = (
					"$(inherited)",
					"@executable_path/../Frameworks",
				);
				MACOSX_DEPLOYMENT_TARGET = 14.0;
				MARKETING_VERSION = $APP_VERSION;
				PRODUCT_BUNDLE_IDENTIFIER = "com.parussoft.App-Helper-Beta";
				PRODUCT_NAME = "$(TARGET_NAME)";
				REGISTER_APP_GROUPS = YES;
				SWIFT_EMIT_LOC_STRINGS = YES;
				SWIFT_VERSION = 5.0;
			};
			name = Debug;
		};
		DC13DC3A29452A4A005D28E9 /* Release */ = {
			isa = XCBuildConfiguration;
			buildSettings = {
				ASSETCATALOG_COMPILER_APPICON_NAME = AppIcon;
				ASSETCATALOG_COMPILER_GLOBAL_ACCENT_COLOR_NAME = AccentColor;
				CODE_SIGN_ENTITLEMENTS = "App Helper/App_Helper.entitlements";
				CODE_SIGN_STYLE = Automatic;
				COMBINE_HIDPI_IMAGES = YES;
				CURRENT_PROJECT_VERSION = $APP_BUILD;
				DEAD_CODE_STRIPPING = YES;
				DEVELOPMENT_ASSET_PATHS = "\"App Helper/Preview Content\"";
				ENABLE_HARDENED_RUNTIME = YES;
				ENABLE_PREVIEWS = YES;
				GENERATE_INFOPLIST_FILE = YES;
				INFOPLIST_FILE = "App Helper/Info.plist";
				INFOPLIST_KEY_CFBundleDisplayName = "App Helper Beta";
				INFOPLIST_KEY_LSApplicationCategoryType = "public.app-category.utilities";
				INFOPLIST_KEY_NSAppleEventsUsageDescription = "The application needs to modify the system color theme.";
				INFOPLIST_KEY_NSHumanReadableCopyright = "Zhao Xin";
				LD_RUNPATH_SEARCH_PATHS = (
					"$(inherited)",
					"@executable_path/../Frameworks",
				);
				MACOSX_DEPLOYMENT_TARGET = 14.0;
				MARKETING_VERSION = $APP_VERSION;
				PRODUCT_BUNDLE_IDENTIFIER = "com.parussoft.App-Helper";
				PRODUCT_NAME = "$(TARGET_NAME)";
				REGISTER_APP_GROUPS = YES;
				SWIFT_EMIT_LOC_STRINGS = YES;
				SWIFT_VERSION = 5.0;
			};
			name = Release;
		};
/* End XCBuildConfiguration section */

/* Begin XCConfigurationList section */
		DC13DC2429452A49005D28E9 /* Build configuration list for PBXProject "App Helper" */ = {
			isa = XCConfigurationList;
			buildConfigurations = (
				DC13DC3629452A4A005D28E9 /* Debug */,
				DC13DC3729452A4A005D28E9 /* Release */,
			);
			defaultConfigurationIsVisible = 0;
			defaultConfigurationName = Release;
		};
		DC13DC3829452A4A005D28E9 /* Build configuration list for PBXNativeTarget "App Helper" */ = {
			isa = XCConfigurationList;
			buildConfigurations = (
				DC13DC3929452A4A005D28E9 /* Debug */,
				DC13DC3A29452A4A005D28E9 /* Release */,
			);
			defaultConfigurationIsVisible = 0;
			defaultConfigurationName = Release;
		};
/* End XCConfigurationList section */

/* Begin XCRemoteSwiftPackageReference section */
		DC13DC3B29453060005D28E9 /* XCRemoteSwiftPackageReference "Defaults" */ = {
			isa = XCRemoteSwiftPackageReference;
			repositoryURL = "https://github.com/sindresorhus/Defaults.git";
			requirement = {
				kind = upToNextMajorVersion;
				minimumVersion = 9.0.0;
			};
		};
		DC13DC6029456518005D28E9 /* XCRemoteSwiftPackageReference "SwiftUIWindowBinder" */ = {
			isa = XCRemoteSwiftPackageReference;
			repositoryURL = "https://github.com/happycodelucky/SwiftUIWindowBinder.git";
			requirement = {
				kind = upToNextMajorVersion;
				minimumVersion = 1.0.0;
			};
		};
/* End XCRemoteSwiftPackageReference section */

/* Begin XCSwiftPackageProductDependency section */
		DC13DC3C29453060005D28E9 /* Defaults */ = {
			isa = XCSwiftPackageProductDependency;
			package = DC13DC3B29453060005D28E9 /* XCRemoteSwiftPackageReference "Defaults" */;
			productName = Defaults;
		};
		DC13DC6129456518005D28E9 /* SwiftUIWindowBinder */ = {
			isa = XCSwiftPackageProductDependency;
			package = DC13DC6029456518005D28E9 /* XCRemoteSwiftPackageReference "SwiftUIWindowBinder" */;
			productName = SwiftUIWindowBinder;
		};
/* End XCSwiftPackageProductDependency section */

/* Begin XCVersionGroup section */
		DCA5961029C7111D00E1DAB3 /* Model.xcdatamodeld */ = {
			isa = XCVersionGroup;
			children = (
				DCA5961129C7111D00E1DAB3 /* Model.xcdatamodel */,
			);
			currentVersion = DCA5961129C7111D00E1DAB3 /* Model.xcdatamodel */;
			path = Model.xcdatamodeld;
			sourceTree = "<group>";
			versionGroupType = wrapper.xcdatamodel;
		};
/* End XCVersionGroup section */
	};
	rootObject = DC13DC2129452A49005D28E9 /* Project object */;
}
